
Microsoft Visual Studio Solution File, Format Version 12.00
# Visual Studio Version 16
VisualStudioVersion = 16.0.30503.244
MinimumVisualStudioVersion = 10.0.40219.1
Project("{FAE04EC0-301F-11D3-BF4B-00C04F79EFBC}") = "1093305_1-3", "1093305_1-3.csproj", "{49D38102-C7AC-43EA-A2F5-313E86868A69}"
EndProject
Global
	GlobalSection(SolutionConfigurationPlatforms) = preSolution
		Debug|Any CPU = Debug|Any CPU
		Release|Any CPU = Release|Any CPU
	EndGlobalSection
	GlobalSection(ProjectConfigurationPlatforms) = postSolution
		{49D38102-C7AC-43EA-A2F5-313E86868A69}.Debug|Any CPU.ActiveCfg = Debug|Any CPU
		{49D38102-C7AC-43EA-A2F5-313E86868A69}.Debug|Any CPU.Build.0 = Debug|Any CPU
		{49D38102-C7AC-43EA-A2F5-313E86868A69}.Release|Any CPU.ActiveCfg = Release|Any CPU
		{49D38102-C7AC-43EA-A2F5-313E86868A69}.Release|Any CPU.Build.0 = Release|Any CPU
	EndGlobalSection
	GlobalSection(SolutionProperties) = preSolution
		HideSolutionNode = FALSE
	EndGlobalSection
	GlobalSection(ExtensibilityGlobals) = postSolution
		SolutionGuid = {EB0737F0-217B-467E-83BE-83237A37CC7A}
	EndGlobalSection
EndGlobal
