
Microsoft Visual Studio Solution File, Format Version 12.00
# Visual Studio Version 16
VisualStudioVersion = 16.0.30503.244
MinimumVisualStudioVersion = 10.0.40219.1
Project("{FAE04EC0-301F-11D3-BF4B-00C04F79EFBC}") = "1093305_1-4", "1093305_1-4.csproj", "{0AAACC8E-9054-42BA-8625-204560D6B987}"
EndProject
Global
	GlobalSection(SolutionConfigurationPlatforms) = preSolution
		Debug|Any CPU = Debug|Any CPU
		Release|Any CPU = Release|Any CPU
	EndGlobalSection
	GlobalSection(ProjectConfigurationPlatforms) = postSolution
		{0AAACC8E-9054-42BA-8625-204560D6B987}.Debug|Any CPU.ActiveCfg = Debug|Any CPU
		{0AAACC8E-9054-42BA-8625-204560D6B987}.Debug|Any CPU.Build.0 = Debug|Any CPU
		{0AAACC8E-9054-42BA-8625-204560D6B987}.Release|Any CPU.ActiveCfg = Release|Any CPU
		{0AAACC8E-9054-42BA-8625-204560D6B987}.Release|Any CPU.Build.0 = Release|Any CPU
	EndGlobalSection
	GlobalSection(SolutionProperties) = preSolution
		HideSolutionNode = FALSE
	EndGlobalSection
	GlobalSection(ExtensibilityGlobals) = postSolution
		SolutionGuid = {6E593F1D-71D0-4AA4-AFB9-F99737159EEA}
	EndGlobalSection
EndGlobal
